
Microsoft Visual Studio Solution File, Format Version 12.00
# Visual Studio 14
VisualStudioVersion = 14.0.25420.1
MinimumVisualStudioVersion = 10.0.40219.1
Project("{2150E333-8FDC-42A3-9474-1A3956D46DE8}") = "XML", "XML", "{65DE5172-B5F7-4B58-AF3D-9607E0C5B348}"
EndProject
Project("{2150E333-8FDC-42A3-9474-1A3956D46DE8}") = "ConfigFile", "ConfigFile", "{04B8E929-079D-4ABF-B83B-13FEAA9BB386}"
EndProject
Project("{FAE04EC0-301F-11D3-BF4B-00C04F79EFBC}") = "001_XML", "001_XML\001_XML.csproj", "{73505454-AB10-4A8D-AB41-2047E23779AF}"
EndProject
Project("{FAE04EC0-301F-11D3-BF4B-00C04F79EFBC}") = "002_XMLTextReader", "002_XMLTextReader\002_XMLTextReader.csproj", "{FD224292-34EA-48D1-9067-8FCACE35F664}"
EndProject
Project("{FAE04EC0-301F-11D3-BF4B-00C04F79EFBC}") = "003_XMLString", "003_XMLString\003_XMLString.csproj", "{3E065AFA-9F34-477F-876D-3E521F096E85}"
EndProject
Project("{FAE04EC0-301F-11D3-BF4B-00C04F79EFBC}") = "004_XMLAllElements", "004_XMLAllElements\004_XMLAllElements.csproj", "{F42630C0-A4BE-4DFA-856E-B121F0B2148F}"
EndProject
Project("{FAE04EC0-301F-11D3-BF4B-00C04F79EFBC}") = "005_XMLAttributeRead", "005_XMLAttributeRead\005_XMLAttributeRead.csproj", "{48D84C90-101E-477E-A626-5183C03D9C1E}"
EndProject
Project("{FAE04EC0-301F-11D3-BF4B-00C04F79EFBC}") = "006_XMLReadAllAttributes", "006_XMLReadAllAttributes\006_XMLReadAllAttributes.csproj", "{232C702D-6FED-4CBF-BBA1-A3AC73D5F08A}"
EndProject
Project("{FAE04EC0-301F-11D3-BF4B-00C04F79EFBC}") = "007_XMLWriteAttributes", "007_XMLWriteAttributes\007_XMLWriteAttributes.csproj", "{58C4271B-D998-4A42-A3F8-1890789AE177}"
EndProject
Project("{FAE04EC0-301F-11D3-BF4B-00C04F79EFBC}") = "008_XMLWriteData", "008_XMLWriteData\008_XMLWriteData.csproj", "{FF4823F0-72E0-42AE-9590-AD8CB7C90ED0}"
EndProject
Project("{FAE04EC0-301F-11D3-BF4B-00C04F79EFBC}") = "009_XMLWriteComments", "009_XMLWriteComments\009_XMLWriteComments.csproj", "{F768F467-E3F7-4AB8-88F6-85E64CE22028}"
EndProject
Project("{FAE04EC0-301F-11D3-BF4B-00C04F79EFBC}") = "010_XMLWriteWithSpecialFormatter", "010_XMLWriteWithSpecialFormatter\010_XMLWriteWithSpecialFormatter.csproj", "{D807B6BD-DC6E-4919-9FE9-D4A24C70CDC6}"
EndProject
Project("{FAE04EC0-301F-11D3-BF4B-00C04F79EFBC}") = "011_XPath", "011_XPath\011_XPath.csproj", "{75AAA78B-FBE9-4266-A0F1-03480E26F33D}"
EndProject
Project("{FAE04EC0-301F-11D3-BF4B-00C04F79EFBC}") = "012_XPathNavigator", "012_XPathNavigator\012_XPathNavigator.csproj", "{615545D3-B3ED-49E2-B6EC-DB770E0D55B3}"
EndProject
Project("{FAE04EC0-301F-11D3-BF4B-00C04F79EFBC}") = "013_XPathOperation", "013_XPathOperation\013_XPathOperation.csproj", "{1795AF29-33C7-4EEE-A38A-FD990E67E5FD}"
EndProject
Project("{FAE04EC0-301F-11D3-BF4B-00C04F79EFBC}") = "001_Configuration", "001_Configuration\001_Configuration.csproj", "{99E62B31-C377-4F5B-A98B-39691AE8FA0A}"
EndProject
Project("{FAE04EC0-301F-11D3-BF4B-00C04F79EFBC}") = "002_Configuration", "002_Configuration\002_Configuration.csproj", "{9D13330A-EA9A-4952-A8A7-8D569D22DDB8}"
EndProject
Project("{FAE04EC0-301F-11D3-BF4B-00C04F79EFBC}") = "ConsoleApplication1", "ConsoleApplication1\ConsoleApplication1.csproj", "{DE38CBE4-EF8C-4218-A337-647485950ECD}"
EndProject
Global
	GlobalSection(SolutionConfigurationPlatforms) = preSolution
		Debug|Any CPU = Debug|Any CPU
		Release|Any CPU = Release|Any CPU
	EndGlobalSection
	GlobalSection(ProjectConfigurationPlatforms) = postSolution
		{73505454-AB10-4A8D-AB41-2047E23779AF}.Debug|Any CPU.ActiveCfg = Debug|Any CPU
		{73505454-AB10-4A8D-AB41-2047E23779AF}.Debug|Any CPU.Build.0 = Debug|Any CPU
		{73505454-AB10-4A8D-AB41-2047E23779AF}.Release|Any CPU.ActiveCfg = Release|Any CPU
		{73505454-AB10-4A8D-AB41-2047E23779AF}.Release|Any CPU.Build.0 = Release|Any CPU
		{FD224292-34EA-48D1-9067-8FCACE35F664}.Debug|Any CPU.ActiveCfg = Debug|Any CPU
		{FD224292-34EA-48D1-9067-8FCACE35F664}.Debug|Any CPU.Build.0 = Debug|Any CPU
		{FD224292-34EA-48D1-9067-8FCACE35F664}.Release|Any CPU.ActiveCfg = Release|Any CPU
		{FD224292-34EA-48D1-9067-8FCACE35F664}.Release|Any CPU.Build.0 = Release|Any CPU
		{3E065AFA-9F34-477F-876D-3E521F096E85}.Debug|Any CPU.ActiveCfg = Debug|Any CPU
		{3E065AFA-9F34-477F-876D-3E521F096E85}.Debug|Any CPU.Build.0 = Debug|Any CPU
		{3E065AFA-9F34-477F-876D-3E521F096E85}.Release|Any CPU.ActiveCfg = Release|Any CPU
		{3E065AFA-9F34-477F-876D-3E521F096E85}.Release|Any CPU.Build.0 = Release|Any CPU
		{F42630C0-A4BE-4DFA-856E-B121F0B2148F}.Debug|Any CPU.ActiveCfg = Debug|Any CPU
		{F42630C0-A4BE-4DFA-856E-B121F0B2148F}.Debug|Any CPU.Build.0 = Debug|Any CPU
		{F42630C0-A4BE-4DFA-856E-B121F0B2148F}.Release|Any CPU.ActiveCfg = Release|Any CPU
		{F42630C0-A4BE-4DFA-856E-B121F0B2148F}.Release|Any CPU.Build.0 = Release|Any CPU
		{48D84C90-101E-477E-A626-5183C03D9C1E}.Debug|Any CPU.ActiveCfg = Debug|Any CPU
		{48D84C90-101E-477E-A626-5183C03D9C1E}.Debug|Any CPU.Build.0 = Debug|Any CPU
		{48D84C90-101E-477E-A626-5183C03D9C1E}.Release|Any CPU.ActiveCfg = Release|Any CPU
		{48D84C90-101E-477E-A626-5183C03D9C1E}.Release|Any CPU.Build.0 = Release|Any CPU
		{232C702D-6FED-4CBF-BBA1-A3AC73D5F08A}.Debug|Any CPU.ActiveCfg = Debug|Any CPU
		{232C702D-6FED-4CBF-BBA1-A3AC73D5F08A}.Debug|Any CPU.Build.0 = Debug|Any CPU
		{232C702D-6FED-4CBF-BBA1-A3AC73D5F08A}.Release|Any CPU.ActiveCfg = Release|Any CPU
		{232C702D-6FED-4CBF-BBA1-A3AC73D5F08A}.Release|Any CPU.Build.0 = Release|Any CPU
		{58C4271B-D998-4A42-A3F8-1890789AE177}.Debug|Any CPU.ActiveCfg = Debug|Any CPU
		{58C4271B-D998-4A42-A3F8-1890789AE177}.Debug|Any CPU.Build.0 = Debug|Any CPU
		{58C4271B-D998-4A42-A3F8-1890789AE177}.Release|Any CPU.ActiveCfg = Release|Any CPU
		{58C4271B-D998-4A42-A3F8-1890789AE177}.Release|Any CPU.Build.0 = Release|Any CPU
		{FF4823F0-72E0-42AE-9590-AD8CB7C90ED0}.Debug|Any CPU.ActiveCfg = Debug|Any CPU
		{FF4823F0-72E0-42AE-9590-AD8CB7C90ED0}.Debug|Any CPU.Build.0 = Debug|Any CPU
		{FF4823F0-72E0-42AE-9590-AD8CB7C90ED0}.Release|Any CPU.ActiveCfg = Release|Any CPU
		{FF4823F0-72E0-42AE-9590-AD8CB7C90ED0}.Release|Any CPU.Build.0 = Release|Any CPU
		{F768F467-E3F7-4AB8-88F6-85E64CE22028}.Debug|Any CPU.ActiveCfg = Debug|Any CPU
		{F768F467-E3F7-4AB8-88F6-85E64CE22028}.Debug|Any CPU.Build.0 = Debug|Any CPU
		{F768F467-E3F7-4AB8-88F6-85E64CE22028}.Release|Any CPU.ActiveCfg = Release|Any CPU
		{F768F467-E3F7-4AB8-88F6-85E64CE22028}.Release|Any CPU.Build.0 = Release|Any CPU
		{D807B6BD-DC6E-4919-9FE9-D4A24C70CDC6}.Debug|Any CPU.ActiveCfg = Debug|Any CPU
		{D807B6BD-DC6E-4919-9FE9-D4A24C70CDC6}.Debug|Any CPU.Build.0 = Debug|Any CPU
		{D807B6BD-DC6E-4919-9FE9-D4A24C70CDC6}.Release|Any CPU.ActiveCfg = Release|Any CPU
		{D807B6BD-DC6E-4919-9FE9-D4A24C70CDC6}.Release|Any CPU.Build.0 = Release|Any CPU
		{75AAA78B-FBE9-4266-A0F1-03480E26F33D}.Debug|Any CPU.ActiveCfg = Debug|Any CPU
		{75AAA78B-FBE9-4266-A0F1-03480E26F33D}.Debug|Any CPU.Build.0 = Debug|Any CPU
		{75AAA78B-FBE9-4266-A0F1-03480E26F33D}.Release|Any CPU.ActiveCfg = Release|Any CPU
		{75AAA78B-FBE9-4266-A0F1-03480E26F33D}.Release|Any CPU.Build.0 = Release|Any CPU
		{615545D3-B3ED-49E2-B6EC-DB770E0D55B3}.Debug|Any CPU.ActiveCfg = Debug|Any CPU
		{615545D3-B3ED-49E2-B6EC-DB770E0D55B3}.Debug|Any CPU.Build.0 = Debug|Any CPU
		{615545D3-B3ED-49E2-B6EC-DB770E0D55B3}.Release|Any CPU.ActiveCfg = Release|Any CPU
		{615545D3-B3ED-49E2-B6EC-DB770E0D55B3}.Release|Any CPU.Build.0 = Release|Any CPU
		{1795AF29-33C7-4EEE-A38A-FD990E67E5FD}.Debug|Any CPU.ActiveCfg = Debug|Any CPU
		{1795AF29-33C7-4EEE-A38A-FD990E67E5FD}.Debug|Any CPU.Build.0 = Debug|Any CPU
		{1795AF29-33C7-4EEE-A38A-FD990E67E5FD}.Release|Any CPU.ActiveCfg = Release|Any CPU
		{1795AF29-33C7-4EEE-A38A-FD990E67E5FD}.Release|Any CPU.Build.0 = Release|Any CPU
		{99E62B31-C377-4F5B-A98B-39691AE8FA0A}.Debug|Any CPU.ActiveCfg = Debug|Any CPU
		{99E62B31-C377-4F5B-A98B-39691AE8FA0A}.Debug|Any CPU.Build.0 = Debug|Any CPU
		{99E62B31-C377-4F5B-A98B-39691AE8FA0A}.Release|Any CPU.ActiveCfg = Release|Any CPU
		{99E62B31-C377-4F5B-A98B-39691AE8FA0A}.Release|Any CPU.Build.0 = Release|Any CPU
		{9D13330A-EA9A-4952-A8A7-8D569D22DDB8}.Debug|Any CPU.ActiveCfg = Debug|Any CPU
		{9D13330A-EA9A-4952-A8A7-8D569D22DDB8}.Debug|Any CPU.Build.0 = Debug|Any CPU
		{9D13330A-EA9A-4952-A8A7-8D569D22DDB8}.Release|Any CPU.ActiveCfg = Release|Any CPU
		{9D13330A-EA9A-4952-A8A7-8D569D22DDB8}.Release|Any CPU.Build.0 = Release|Any CPU
		{DE38CBE4-EF8C-4218-A337-647485950ECD}.Debug|Any CPU.ActiveCfg = Debug|Any CPU
		{DE38CBE4-EF8C-4218-A337-647485950ECD}.Debug|Any CPU.Build.0 = Debug|Any CPU
		{DE38CBE4-EF8C-4218-A337-647485950ECD}.Release|Any CPU.ActiveCfg = Release|Any CPU
		{DE38CBE4-EF8C-4218-A337-647485950ECD}.Release|Any CPU.Build.0 = Release|Any CPU
	EndGlobalSection
	GlobalSection(SolutionProperties) = preSolution
		HideSolutionNode = FALSE
	EndGlobalSection
	GlobalSection(NestedProjects) = preSolution
		{73505454-AB10-4A8D-AB41-2047E23779AF} = {65DE5172-B5F7-4B58-AF3D-9607E0C5B348}
		{FD224292-34EA-48D1-9067-8FCACE35F664} = {65DE5172-B5F7-4B58-AF3D-9607E0C5B348}
		{3E065AFA-9F34-477F-876D-3E521F096E85} = {65DE5172-B5F7-4B58-AF3D-9607E0C5B348}
		{F42630C0-A4BE-4DFA-856E-B121F0B2148F} = {65DE5172-B5F7-4B58-AF3D-9607E0C5B348}
		{48D84C90-101E-477E-A626-5183C03D9C1E} = {65DE5172-B5F7-4B58-AF3D-9607E0C5B348}
		{232C702D-6FED-4CBF-BBA1-A3AC73D5F08A} = {65DE5172-B5F7-4B58-AF3D-9607E0C5B348}
		{58C4271B-D998-4A42-A3F8-1890789AE177} = {65DE5172-B5F7-4B58-AF3D-9607E0C5B348}
		{FF4823F0-72E0-42AE-9590-AD8CB7C90ED0} = {65DE5172-B5F7-4B58-AF3D-9607E0C5B348}
		{F768F467-E3F7-4AB8-88F6-85E64CE22028} = {65DE5172-B5F7-4B58-AF3D-9607E0C5B348}
		{D807B6BD-DC6E-4919-9FE9-D4A24C70CDC6} = {65DE5172-B5F7-4B58-AF3D-9607E0C5B348}
		{75AAA78B-FBE9-4266-A0F1-03480E26F33D} = {65DE5172-B5F7-4B58-AF3D-9607E0C5B348}
		{615545D3-B3ED-49E2-B6EC-DB770E0D55B3} = {65DE5172-B5F7-4B58-AF3D-9607E0C5B348}
		{1795AF29-33C7-4EEE-A38A-FD990E67E5FD} = {65DE5172-B5F7-4B58-AF3D-9607E0C5B348}
		{99E62B31-C377-4F5B-A98B-39691AE8FA0A} = {04B8E929-079D-4ABF-B83B-13FEAA9BB386}
		{9D13330A-EA9A-4952-A8A7-8D569D22DDB8} = {04B8E929-079D-4ABF-B83B-13FEAA9BB386}
	EndGlobalSection
EndGlobal
